
Microsoft Visual Studio Solution File, Format Version 12.00
# Visual Studio Version 16
VisualStudioVersion = 16.0.30114.105
MinimumVisualStudioVersion = 10.0.40219.1
Project("{FAE04EC0-301F-11D3-BF4B-00C04F79EFBC}") = "myBlogDemo", "myBlog\myBlogDemo.csproj", "{C8A7F67C-F4BD-4105-AF82-3317F300BAB4}"
EndProject
Project("{FAE04EC0-301F-11D3-BF4B-00C04F79EFBC}") = "MyModel", "MyModel\MyModel.csproj", "{FD98AE28-E8B1-422E-86B1-97ACA69A4939}"
EndProject
Project("{2150E333-8FDC-42A3-9474-1A3956D46DE8}") = "Repository", "Repository", "{89E9DD00-332E-11EC-A7AD-5D7B20896159}"
EndProject
Project("{FAE04EC0-301F-11D3-BF4B-00C04F79EFBC}") = "IRepository", "Repository\IRepository\IRepository.csproj", "{FC84697A-563C-40C4-A9A8-165452AB848D}"
EndProject
Project("{FAE04EC0-301F-11D3-BF4B-00C04F79EFBC}") = "Repository", "Repository\Repository\Repository.csproj", "{FF5CE26A-6B45-4B6E-828A-C537E0C7315E}"
EndProject
Project("{2150E333-8FDC-42A3-9474-1A3956D46DE8}") = "Service", "Service", "{AF1D85F3-DAC7-4D19-9D52-D9801615DA05}"
EndProject
Project("{FAE04EC0-301F-11D3-BF4B-00C04F79EFBC}") = "Iservice", "Service\Iservice\Iservice.csproj", "{5EE9845F-95FA-437E-8AFC-67F27DCCB515}"
EndProject
Project("{FAE04EC0-301F-11D3-BF4B-00C04F79EFBC}") = "Service", "Service\Service\Service.csproj", "{A3B65B44-C10A-45B7-9457-B61DA6F78760}"
EndProject
Global
	GlobalSection(SolutionConfigurationPlatforms) = preSolution
		Debug|Any CPU = Debug|Any CPU
		Debug|x64 = Debug|x64
		Debug|x86 = Debug|x86
		Release|Any CPU = Release|Any CPU
		Release|x64 = Release|x64
		Release|x86 = Release|x86
	EndGlobalSection
	GlobalSection(SolutionProperties) = preSolution
		HideSolutionNode = FALSE
	EndGlobalSection
	GlobalSection(ProjectConfigurationPlatforms) = postSolution
		{C8A7F67C-F4BD-4105-AF82-3317F300BAB4}.Debug|Any CPU.ActiveCfg = Debug|Any CPU
		{C8A7F67C-F4BD-4105-AF82-3317F300BAB4}.Debug|Any CPU.Build.0 = Debug|Any CPU
		{C8A7F67C-F4BD-4105-AF82-3317F300BAB4}.Debug|x64.ActiveCfg = Debug|Any CPU
		{C8A7F67C-F4BD-4105-AF82-3317F300BAB4}.Debug|x64.Build.0 = Debug|Any CPU
		{C8A7F67C-F4BD-4105-AF82-3317F300BAB4}.Debug|x86.ActiveCfg = Debug|Any CPU
		{C8A7F67C-F4BD-4105-AF82-3317F300BAB4}.Debug|x86.Build.0 = Debug|Any CPU
		{C8A7F67C-F4BD-4105-AF82-3317F300BAB4}.Release|Any CPU.ActiveCfg = Release|Any CPU
		{C8A7F67C-F4BD-4105-AF82-3317F300BAB4}.Release|Any CPU.Build.0 = Release|Any CPU
		{C8A7F67C-F4BD-4105-AF82-3317F300BAB4}.Release|x64.ActiveCfg = Release|Any CPU
		{C8A7F67C-F4BD-4105-AF82-3317F300BAB4}.Release|x64.Build.0 = Release|Any CPU
		{C8A7F67C-F4BD-4105-AF82-3317F300BAB4}.Release|x86.ActiveCfg = Release|Any CPU
		{C8A7F67C-F4BD-4105-AF82-3317F300BAB4}.Release|x86.Build.0 = Release|Any CPU
		{FD98AE28-E8B1-422E-86B1-97ACA69A4939}.Debug|Any CPU.ActiveCfg = Debug|Any CPU
		{FD98AE28-E8B1-422E-86B1-97ACA69A4939}.Debug|Any CPU.Build.0 = Debug|Any CPU
		{FD98AE28-E8B1-422E-86B1-97ACA69A4939}.Debug|x64.ActiveCfg = Debug|Any CPU
		{FD98AE28-E8B1-422E-86B1-97ACA69A4939}.Debug|x64.Build.0 = Debug|Any CPU
		{FD98AE28-E8B1-422E-86B1-97ACA69A4939}.Debug|x86.ActiveCfg = Debug|Any CPU
		{FD98AE28-E8B1-422E-86B1-97ACA69A4939}.Debug|x86.Build.0 = Debug|Any CPU
		{FD98AE28-E8B1-422E-86B1-97ACA69A4939}.Release|Any CPU.ActiveCfg = Release|Any CPU
		{FD98AE28-E8B1-422E-86B1-97ACA69A4939}.Release|Any CPU.Build.0 = Release|Any CPU
		{FD98AE28-E8B1-422E-86B1-97ACA69A4939}.Release|x64.ActiveCfg = Release|Any CPU
		{FD98AE28-E8B1-422E-86B1-97ACA69A4939}.Release|x64.Build.0 = Release|Any CPU
		{FD98AE28-E8B1-422E-86B1-97ACA69A4939}.Release|x86.ActiveCfg = Release|Any CPU
		{FD98AE28-E8B1-422E-86B1-97ACA69A4939}.Release|x86.Build.0 = Release|Any CPU
		{FC84697A-563C-40C4-A9A8-165452AB848D}.Debug|Any CPU.ActiveCfg = Debug|Any CPU
		{FC84697A-563C-40C4-A9A8-165452AB848D}.Debug|Any CPU.Build.0 = Debug|Any CPU
		{FC84697A-563C-40C4-A9A8-165452AB848D}.Debug|x64.ActiveCfg = Debug|Any CPU
		{FC84697A-563C-40C4-A9A8-165452AB848D}.Debug|x64.Build.0 = Debug|Any CPU
		{FC84697A-563C-40C4-A9A8-165452AB848D}.Debug|x86.ActiveCfg = Debug|Any CPU
		{FC84697A-563C-40C4-A9A8-165452AB848D}.Debug|x86.Build.0 = Debug|Any CPU
		{FC84697A-563C-40C4-A9A8-165452AB848D}.Release|Any CPU.ActiveCfg = Release|Any CPU
		{FC84697A-563C-40C4-A9A8-165452AB848D}.Release|Any CPU.Build.0 = Release|Any CPU
		{FC84697A-563C-40C4-A9A8-165452AB848D}.Release|x64.ActiveCfg = Release|Any CPU
		{FC84697A-563C-40C4-A9A8-165452AB848D}.Release|x64.Build.0 = Release|Any CPU
		{FC84697A-563C-40C4-A9A8-165452AB848D}.Release|x86.ActiveCfg = Release|Any CPU
		{FC84697A-563C-40C4-A9A8-165452AB848D}.Release|x86.Build.0 = Release|Any CPU
		{FF5CE26A-6B45-4B6E-828A-C537E0C7315E}.Debug|Any CPU.ActiveCfg = Debug|Any CPU
		{FF5CE26A-6B45-4B6E-828A-C537E0C7315E}.Debug|Any CPU.Build.0 = Debug|Any CPU
		{FF5CE26A-6B45-4B6E-828A-C537E0C7315E}.Debug|x64.ActiveCfg = Debug|Any CPU
		{FF5CE26A-6B45-4B6E-828A-C537E0C7315E}.Debug|x64.Build.0 = Debug|Any CPU
		{FF5CE26A-6B45-4B6E-828A-C537E0C7315E}.Debug|x86.ActiveCfg = Debug|Any CPU
		{FF5CE26A-6B45-4B6E-828A-C537E0C7315E}.Debug|x86.Build.0 = Debug|Any CPU
		{FF5CE26A-6B45-4B6E-828A-C537E0C7315E}.Release|Any CPU.ActiveCfg = Release|Any CPU
		{FF5CE26A-6B45-4B6E-828A-C537E0C7315E}.Release|Any CPU.Build.0 = Release|Any CPU
		{FF5CE26A-6B45-4B6E-828A-C537E0C7315E}.Release|x64.ActiveCfg = Release|Any CPU
		{FF5CE26A-6B45-4B6E-828A-C537E0C7315E}.Release|x64.Build.0 = Release|Any CPU
		{FF5CE26A-6B45-4B6E-828A-C537E0C7315E}.Release|x86.ActiveCfg = Release|Any CPU
		{FF5CE26A-6B45-4B6E-828A-C537E0C7315E}.Release|x86.Build.0 = Release|Any CPU
		{5EE9845F-95FA-437E-8AFC-67F27DCCB515}.Debug|Any CPU.ActiveCfg = Debug|Any CPU
		{5EE9845F-95FA-437E-8AFC-67F27DCCB515}.Debug|Any CPU.Build.0 = Debug|Any CPU
		{5EE9845F-95FA-437E-8AFC-67F27DCCB515}.Debug|x64.ActiveCfg = Debug|Any CPU
		{5EE9845F-95FA-437E-8AFC-67F27DCCB515}.Debug|x64.Build.0 = Debug|Any CPU
		{5EE9845F-95FA-437E-8AFC-67F27DCCB515}.Debug|x86.ActiveCfg = Debug|Any CPU
		{5EE9845F-95FA-437E-8AFC-67F27DCCB515}.Debug|x86.Build.0 = Debug|Any CPU
		{5EE9845F-95FA-437E-8AFC-67F27DCCB515}.Release|Any CPU.ActiveCfg = Release|Any CPU
		{5EE9845F-95FA-437E-8AFC-67F27DCCB515}.Release|Any CPU.Build.0 = Release|Any CPU
		{5EE9845F-95FA-437E-8AFC-67F27DCCB515}.Release|x64.ActiveCfg = Release|Any CPU
		{5EE9845F-95FA-437E-8AFC-67F27DCCB515}.Release|x64.Build.0 = Release|Any CPU
		{5EE9845F-95FA-437E-8AFC-67F27DCCB515}.Release|x86.ActiveCfg = Release|Any CPU
		{5EE9845F-95FA-437E-8AFC-67F27DCCB515}.Release|x86.Build.0 = Release|Any CPU
		{A3B65B44-C10A-45B7-9457-B61DA6F78760}.Debug|Any CPU.ActiveCfg = Debug|Any CPU
		{A3B65B44-C10A-45B7-9457-B61DA6F78760}.Debug|Any CPU.Build.0 = Debug|Any CPU
		{A3B65B44-C10A-45B7-9457-B61DA6F78760}.Debug|x64.ActiveCfg = Debug|Any CPU
		{A3B65B44-C10A-45B7-9457-B61DA6F78760}.Debug|x64.Build.0 = Debug|Any CPU
		{A3B65B44-C10A-45B7-9457-B61DA6F78760}.Debug|x86.ActiveCfg = Debug|Any CPU
		{A3B65B44-C10A-45B7-9457-B61DA6F78760}.Debug|x86.Build.0 = Debug|Any CPU
		{A3B65B44-C10A-45B7-9457-B61DA6F78760}.Release|Any CPU.ActiveCfg = Release|Any CPU
		{A3B65B44-C10A-45B7-9457-B61DA6F78760}.Release|Any CPU.Build.0 = Release|Any CPU
		{A3B65B44-C10A-45B7-9457-B61DA6F78760}.Release|x64.ActiveCfg = Release|Any CPU
		{A3B65B44-C10A-45B7-9457-B61DA6F78760}.Release|x64.Build.0 = Release|Any CPU
		{A3B65B44-C10A-45B7-9457-B61DA6F78760}.Release|x86.ActiveCfg = Release|Any CPU
		{A3B65B44-C10A-45B7-9457-B61DA6F78760}.Release|x86.Build.0 = Release|Any CPU
	EndGlobalSection
	GlobalSection(NestedProjects) = preSolution
		{FC84697A-563C-40C4-A9A8-165452AB848D} = {89E9DD00-332E-11EC-A7AD-5D7B20896159}
		{FF5CE26A-6B45-4B6E-828A-C537E0C7315E} = {89E9DD00-332E-11EC-A7AD-5D7B20896159}
		{5EE9845F-95FA-437E-8AFC-67F27DCCB515} = {AF1D85F3-DAC7-4D19-9D52-D9801615DA05}
		{A3B65B44-C10A-45B7-9457-B61DA6F78760} = {AF1D85F3-DAC7-4D19-9D52-D9801615DA05}
	EndGlobalSection
EndGlobal
